// !$*UTF8*$!
{
	archiveVersion = 1;
	classes = {
	};
	objectVersion = 48;
	objects = {

/* Begin PBXBuildFile section */
		22D1A8BE1FFBE414009254C1 /* AppDelegate.swift in Sources */ = {isa = PBXBuildFile; fileRef = 22D1A8BD1FFBE414009254C1 /* AppDelegate.swift */; };
		22D1A8C01FFBE414009254C1 /* ViewController.swift in Sources */ = {isa = PBXBuildFile; fileRef = 22D1A8BF1FFBE414009254C1 /* ViewController.swift */; };
		22D1A8C31FFBE414009254C1 /* Main.storyboard in Resources */ = {isa = PBXBuildFile; fileRef = 22D1A8C11FFBE414009254C1 /* Main.storyboard */; };
		22D1A8C51FFBE414009254C1 /* Assets.xcassets in Resources */ = {isa = PBXBuildFile; fileRef = 22D1A8C41FFBE414009254C1 /* Assets.xcassets */; };
		22D1A8C81FFBE414009254C1 /* LaunchScreen.storyboard in Resources */ = {isa = PBXBuildFile; fileRef = 22D1A8C61FFBE414009254C1 /* LaunchScreen.storyboard */; };
		22D1A8D31FFBE414009254C1 /* LightLMSTests.swift in Sources */ = {isa = PBXBuildFile; fileRef = 22D1A8D21FFBE414009254C1 /* LightLMSTests.swift */; };
		22D1A8DE1FFBE414009254C1 /* LightLMSUITests.swift in Sources */ = {isa = PBXBuildFile; fileRef = 22D1A8DD1FFBE414009254C1 /* LightLMSUITests.swift */; };
/* End PBXBuildFile section */

/* Begin PBXContainerItemProxy section */
		22D1A8CF1FFBE414009254C1 /* PBXContainerItemProxy */ = {
			isa = PBXContainerItemProxy;
			containerPortal = 22D1A8B21FFBE414009254C1 /* Project object */;
			proxyType = 1;
			remoteGlobalIDString = 22D1A8B91FFBE414009254C1;
			remoteInfo = LightLMS;
		};
		22D1A8DA1FFBE414009254C1 /* PBXContainerItemProxy */ = {
			isa = PBXContainerItemProxy;
			containerPortal = 22D1A8B21FFBE414009254C1 /* Project object */;
			proxyType = 1;
			remoteGlobalIDString = 22D1A8B91FFBE414009254C1;
			remoteInfo = LightLMS;
		};
/* End PBXContainerItemProxy section */

/* Begin PBXFileReference section */
		22D1A8BA1FFBE414009254C1 /* LightLMS.app */ = {isa = PBXFileReference; explicitFileType = wrapper.application; includeInIndex = 0; path = LightLMS.app; sourceTree = BUILT_PRODUCTS_DIR; };
		22D1A8BD1FFBE414009254C1 /* AppDelegate.swift */ = {isa = PBXFileReference; lastKnownFileType = sourcecode.swift; path = AppDelegate.swift; sourceTree = "<group>"; };
		22D1A8BF1FFBE414009254C1 /* ViewController.swift */ = {isa = PBXFileReference; lastKnownFileType = sourcecode.swift; path = ViewController.swift; sourceTree = "<group>"; };
		22D1A8C21FFBE414009254C1 /* Base */ = {isa = PBXFileReference; lastKnownFileType = file.storyboard; name = Base; path = Base.lproj/Main.storyboard; sourceTree = "<group>"; };
		22D1A8C41FFBE414009254C1 /* Assets.xcassets */ = {isa = PBXFileReference; lastKnownFileType = folder.assetcatalog; path = Assets.xcassets; sourceTree = "<group>"; };
		22D1A8C71FFBE414009254C1 /* Base */ = {isa = PBXFileReference; lastKnownFileType = file.storyboard; name = Base; path = Base.lproj/LaunchScreen.storyboard; sourceTree = "<group>"; };
		22D1A8C91FFBE414009254C1 /* Info.plist */ = {isa = PBXFileReference; lastKnownFileType = text.plist.xml; path = Info.plist; sourceTree = "<group>"; };
		22D1A8CE1FFBE414009254C1 /* LightLMSTests.xctest */ = {isa = PBXFileReference; explicitFileType = wrapper.cfbundle; includeInIndex = 0; path = LightLMSTests.xctest; sourceTree = BUILT_PRODUCTS_DIR; };
		22D1A8D21FFBE414009254C1 /* LightLMSTests.swift */ = {isa = PBXFileReference; lastKnownFileType = sourcecode.swift; path = LightLMSTests.swift; sourceTree = "<group>"; };
		22D1A8D41FFBE414009254C1 /* Info.plist */ = {isa = PBXFileReference; lastKnownFileType = text.plist.xml; path = Info.plist; sourceTree = "<group>"; };
		22D1A8D91FFBE414009254C1 /* LightLMSUITests.xctest */ = {isa = PBXFileReference; explicitFileType = wrapper.cfbundle; includeInIndex = 0; path = LightLMSUITests.xctest; sourceTree = BUILT_PRODUCTS_DIR; };
		22D1A8DD1FFBE414009254C1 /* LightLMSUITests.swift */ = {isa = PBXFileReference; lastKnownFileType = sourcecode.swift; path = LightLMSUITests.swift; sourceTree = "<group>"; };
		22D1A8DF1FFBE414009254C1 /* Info.plist */ = {isa = PBXFileReference; lastKnownFileType = text.plist.xml; path = Info.plist; sourceTree = "<group>"; };
/* End PBXFileReference section */

/* Begin PBXFrameworksBuildPhase section */
		22D1A8B71FFBE414009254C1 /* Frameworks */ = {
			isa = PBXFrameworksBuildPhase;
			buildActionMask = 2147483647;
			files = (
			);
			runOnlyForDeploymentPostprocessing = 0;
		};
		22D1A8CB1FFBE414009254C1 /* Frameworks */ = {
			isa = PBXFrameworksBuildPhase;
			buildActionMask = 2147483647;
			files = (
			);
			runOnlyForDeploymentPostprocessing = 0;
		};
		22D1A8D61FFBE414009254C1 /* Frameworks */ = {
			isa = PBXFrameworksBuildPhase;
			buildActionMask = 2147483647;
			files = (
			);
			runOnlyForDeploymentPostprocessing = 0;
		};
/* End PBXFrameworksBuildPhase section */

/* Begin PBXGroup section */
		22D1A8B11FFBE414009254C1 = {
			isa = PBXGroup;
			children = (
				22D1A8BC1FFBE414009254C1 /* LightLMS */,
				22D1A8D11FFBE414009254C1 /* LightLMSTests */,
				22D1A8DC1FFBE414009254C1 /* LightLMSUITests */,
				22D1A8BB1FFBE414009254C1 /* Products */,
			);
			sourceTree = "<group>";
		};
		22D1A8BB1FFBE414009254C1 /* Products */ = {
			isa = PBXGroup;
			children = (
				22D1A8BA1FFBE414009254C1 /* LightLMS.app */,
				22D1A8CE1FFBE414009254C1 /* LightLMSTests.xctest */,
				22D1A8D91FFBE414009254C1 /* LightLMSUITests.xctest */,
			);
			name = Products;
			sourceTree = "<group>";
		};
		22D1A8BC1FFBE414009254C1 /* LightLMS */ = {
			isa = PBXGroup;
			children = (
				22D1A8BD1FFBE414009254C1 /* AppDelegate.swift */,
				22D1A8BF1FFBE414009254C1 /* ViewController.swift */,
				22D1A8C11FFBE414009254C1 /* Main.storyboard */,
				22D1A8C41FFBE414009254C1 /* Assets.xcassets */,
				22D1A8C61FFBE414009254C1 /* LaunchScreen.storyboard */,
				22D1A8C91FFBE414009254C1 /* Info.plist */,
			);
			path = LightLMS;
			sourceTree = "<group>";
		};
		22D1A8D11FFBE414009254C1 /* LightLMSTests */ = {
			isa = PBXGroup;
			children = (
				22D1A8D21FFBE414009254C1 /* LightLMSTests.swift */,
				22D1A8D41FFBE414009254C1 /* Info.plist */,
			);
			path = LightLMSTests;
			sourceTree = "<group>";
		};
		22D1A8DC1FFBE414009254C1 /* LightLMSUITests */ = {
			isa = PBXGroup;
			children = (
				22D1A8DD1FFBE414009254C1 /* LightLMSUITests.swift */,
				22D1A8DF1FFBE414009254C1 /* Info.plist */,
			);
			path = LightLMSUITests;
			sourceTree = "<group>";
		};
/* End PBXGroup section */

/* Begin PBXNativeTarget section */
		22D1A8B91FFBE414009254C1 /* LightLMS */ = {
			isa = PBXNativeTarget;
			buildConfigurationList = 22D1A8E21FFBE414009254C1 /* Build configuration list for PBXNativeTarget "LightLMS" */;
			buildPhases = (
				22D1A8B61FFBE414009254C1 /* Sources */,
				22D1A8B71FFBE414009254C1 /* Frameworks */,
				22D1A8B81FFBE414009254C1 /* Resources */,
			);
			buildRules = (
			);
			dependencies = (
			);
			name = LightLMS;
			productName = LightLMS;
			productReference = 22D1A8BA1FFBE414009254C1 /* LightLMS.app */;
			productType = "com.apple.product-type.application";
		};
		22D1A8CD1FFBE414009254C1 /* LightLMSTests */ = {
			isa = PBXNativeTarget;
			buildConfigurationList = 22D1A8E51FFBE414009254C1 /* Build configuration list for PBXNativeTarget "LightLMSTests" */;
			buildPhases = (
				22D1A8CA1FFBE414009254C1 /* Sources */,
				22D1A8CB1FFBE414009254C1 /* Frameworks */,
				22D1A8CC1FFBE414009254C1 /* Resources */,
			);
			buildRules = (
			);
			dependencies = (
				22D1A8D01FFBE414009254C1 /* PBXTargetDependency */,
			);
			name = LightLMSTests;
			productName = LightLMSTests;
			productReference = 22D1A8CE1FFBE414009254C1 /* LightLMSTests.xctest */;
			productType = "com.apple.product-type.bundle.unit-test";
		};
		22D1A8D81FFBE414009254C1 /* LightLMSUITests */ = {
			isa = PBXNativeTarget;
			buildConfigurationList = 22D1A8E81FFBE414009254C1 /* Build configuration list for PBXNativeTarget "LightLMSUITests" */;
			buildPhases = (
				22D1A8D51FFBE414009254C1 /* Sources */,
				22D1A8D61FFBE414009254C1 /* Frameworks */,
				22D1A8D71FFBE414009254C1 /* Resources */,
			);
			buildRules = (
			);
			dependencies = (
				22D1A8DB1FFBE414009254C1 /* PBXTargetDependency */,
			);
			name = LightLMSUITests;
			productName = LightLMSUITests;
			productReference = 22D1A8D91FFBE414009254C1 /* LightLMSUITests.xctest */;
			productType = "com.apple.product-type.bundle.ui-testing";
		};
/* End PBXNativeTarget section */

/* Begin PBXProject section */
		22D1A8B21FFBE414009254C1 /* Project object */ = {
			isa = PBXProject;
			attributes = {
				LastSwiftUpdateCheck = 0920;
				LastUpgradeCheck = 0920;
				ORGANIZATIONNAME = Xin;
				TargetAttributes = {
					22D1A8B91FFBE414009254C1 = {
						CreatedOnToolsVersion = 9.2;
						ProvisioningStyle = Automatic;
					};
					22D1A8CD1FFBE414009254C1 = {
						CreatedOnToolsVersion = 9.2;
						ProvisioningStyle = Automatic;
						TestTargetID = 22D1A8B91FFBE414009254C1;
					};
					22D1A8D81FFBE414009254C1 = {
						CreatedOnToolsVersion = 9.2;
						ProvisioningStyle = Automatic;
						TestTargetID = 22D1A8B91FFBE414009254C1;
					};
				};
			};
			buildConfigurationList = 22D1A8B51FFBE414009254C1 /* Build configuration list for PBXProject "LightLMS" */;
			compatibilityVersion = "Xcode 8.0";
			developmentRegion = en;
			hasScannedForEncodings = 0;
			knownRegions = (
				en,
				Base,
			);
			mainGroup = 22D1A8B11FFBE414009254C1;
			productRefGroup = 22D1A8BB1FFBE414009254C1 /* Products */;
			projectDirPath = "";
			projectRoot = "";
			targets = (
				22D1A8B91FFBE414009254C1 /* LightLMS */,
				22D1A8CD1FFBE414009254C1 /* LightLMSTests */,
				22D1A8D81FFBE414009254C1 /* LightLMSUITests */,
			);
		};
/* End PBXProject section */

/* Begin PBXResourcesBuildPhase section */
		22D1A8B81FFBE414009254C1 /* Resources */ = {
			isa = PBXResourcesBuildPhase;
			buildActionMask = 2147483647;
			files = (
				22D1A8C81FFBE414009254C1 /* LaunchScreen.storyboard in Resources */,
				22D1A8C51FFBE414009254C1 /* Assets.xcassets in Resources */,
				22D1A8C31FFBE414009254C1 /* Main.storyboard in Resources */,
			);
			runOnlyForDeploymentPostprocessing = 0;
		};
		22D1A8CC1FFBE414009254C1 /* Resources */ = {
			isa = PBXResourcesBuildPhase;
			buildActionMask = 2147483647;
			files = (
			);
			runOnlyForDeploymentPostprocessing = 0;
		};
		22D1A8D71FFBE414009254C1 /* Resources */ = {
			isa = PBXResourcesBuildPhase;
			buildActionMask = 2147483647;
			files = (
			);
			runOnlyForDeploymentPostprocessing = 0;
		};
/* End PBXResourcesBuildPhase section */

/* Begin PBXSourcesBuildPhase section */
		22D1A8B61FFBE414009254C1 /* Sources */ = {
			isa = PBXSourcesBuildPhase;
			buildActionMask = 2147483647;
			files = (
				22D1A8C01FFBE414009254C1 /* ViewController.swift in Sources */,
				22D1A8BE1FFBE414009254C1 /* AppDelegate.swift in Sources */,
			);
			runOnlyForDeploymentPostprocessing = 0;
		};
		22D1A8CA1FFBE414009254C1 /* Sources */ = {
			isa = PBXSourcesBuildPhase;
			buildActionMask = 2147483647;
			files = (
				22D1A8D31FFBE414009254C1 /* LightLMSTests.swift in Sources */,
			);
			runOnlyForDeploymentPostprocessing = 0;
		};
		22D1A8D51FFBE414009254C1 /* Sources */ = {
			isa = PBXSourcesBuildPhase;
			buildActionMask = 2147483647;
			files = (
				22D1A8DE1FFBE414009254C1 /* LightLMSUITests.swift in Sources */,
			);
			runOnlyForDeploymentPostprocessing = 0;
		};
/* End PBXSourcesBuildPhase section */

/* Begin PBXTargetDependency section */
		22D1A8D01FFBE414009254C1 /* PBXTargetDependency */ = {
			isa = PBXTargetDependency;
			target = 22D1A8B91FFBE414009254C1 /* LightLMS */;
			targetProxy = 22D1A8CF1FFBE414009254C1 /* PBXContainerItemProxy */;
		};
		22D1A8DB1FFBE414009254C1 /* PBXTargetDependency */ = {
			isa = PBXTargetDependency;
			target = 22D1A8B91FFBE414009254C1 /* LightLMS */;
			targetProxy = 22D1A8DA1FFBE414009254C1 /* PBXContainerItemProxy */;
		};
/* End PBXTargetDependency section */

/* Begin PBXVariantGroup section */
		22D1A8C11FFBE414009254C1 /* Main.storyboard */ = {
			isa = PBXVariantGroup;
			children = (
				22D1A8C21FFBE414009254C1 /* Base */,
			);
			name = Main.storyboard;
			sourceTree = "<group>";
		};
		22D1A8C61FFBE414009254C1 /* LaunchScreen.storyboard */ = {
			isa = PBXVariantGroup;
			children = (
				22D1A8C71FFBE414009254C1 /* Base */,
			);
			name = LaunchScreen.storyboard;
			sourceTree = "<group>";
		};
/* End PBXVariantGroup section */

/* Begin XCBuildConfiguration section */
		22D1A8E01FFBE414009254C1 /* Debug */ = {
			isa = XCBuildConfiguration;
			buildSettings = {
				ALWAYS_SEARCH_USER_PATHS = NO;
				CLANG_ANALYZER_NONNULL = YES;
				CLANG_ANALYZER_NUMBER_OBJECT_CONVERSION = YES_AGGRESSIVE;
				CLANG_CXX_LANGUAGE_STANDARD = "gnu++14";
				CLANG_CXX_LIBRARY = "libc++";
				CLANG_ENABLE_MODULES = YES;
				CLANG_ENABLE_OBJC_ARC = YES;
				CLANG_WARN_BLOCK_CAPTURE_AUTORELEASING = YES;
				CLANG_WARN_BOOL_CONVERSION = YES;
				CLANG_WARN_COMMA = YES;
				CLANG_WARN_CONSTANT_CONVERSION = YES;
				CLANG_WARN_DIRECT_OBJC_ISA_USAGE = YES_ERROR;
				CLANG_WARN_DOCUMENTATION_COMMENTS = YES;
				CLANG_WARN_EMPTY_BODY = YES;
				CLANG_WARN_ENUM_CONVERSION = YES;
				CLANG_WARN_INFINITE_RECURSION = YES;
				CLANG_WARN_INT_CONVERSION = YES;
				CLANG_WARN_NON_LITERAL_NULL_CONVERSION = YES;
				CLANG_WARN_OBJC_LITERAL_CONVERSION = YES;
				CLANG_WARN_OBJC_ROOT_CLASS = YES_ERROR;
				CLANG_WARN_RANGE_LOOP_ANALYSIS = YES;
				CLANG_WARN_STRICT_PROTOTYPES = YES;
				CLANG_WARN_SUSPICIOUS_MOVE = YES;
				CLANG_WARN_UNGUARDED_AVAILABILITY = YES_AGGRESSIVE;
				CLANG_WARN_UNREACHABLE_CODE = YES;
				CLANG_WARN__DUPLICATE_METHOD_MATCH = YES;
				CODE_SIGN_IDENTITY = "iPhone Developer";
				COPY_PHASE_STRIP = NO;
				DEBUG_INFORMATION_FORMAT = dwarf;
				ENABLE_STRICT_OBJC_MSGSEND = YES;
				ENABLE_TESTABILITY = YES;
				GCC_C_LANGUAGE_STANDARD = gnu11;
				GCC_DYNAMIC_NO_PIC = NO;
				GCC_NO_COMMON_BLOCKS = YES;
				GCC_OPTIMIZATION_LEVEL = 0;
				GCC_PREPROCESSOR_DEFINITIONS = (
					"DEBUG=1",
					"$(inherited)",
				);
				GCC_WARN_64_TO_32_BIT_CONVERSION = YES;
				GCC_WARN_ABOUT_RETURN_TYPE = YES_ERROR;
				GCC_WARN_UNDECLARED_SELECTOR = YES;
				GCC_WARN_UNINITIALIZED_AUTOS = YES_AGGRESSIVE;
				GCC_WARN_UNUSED_FUNCTION = YES;
				GCC_WARN_UNUSED_VARIABLE = YES;
				IPHONEOS_DEPLOYMENT_TARGET = 11.2;
				MTL_ENABLE_DEBUG_INFO = YES;
				ONLY_ACTIVE_ARCH = YES;
				SDKROOT = iphoneos;
				SWIFT_ACTIVE_COMPILATION_CONDITIONS = DEBUG;
				SWIFT_OPTIMIZATION_LEVEL = "-Onone";
			};
			name = Debug;
		};
		22D1A8E11FFBE414009254C1 /* Release */ = {
			isa = XCBuildConfiguration;
			buildSettings = {
				ALWAYS_SEARCH_USER_PATHS = NO;
				CLANG_ANALYZER_NONNULL = YES;
				CLANG_ANALYZER_NUMBER_OBJECT_CONVERSION = YES_AGGRESSIVE;
				CLANG_CXX_LANGUAGE_STANDARD = "gnu++14";
				CLANG_CXX_LIBRARY = "libc++";
				CLANG_ENABLE_MODULES = YES;
				CLANG_ENABLE_OBJC_ARC = YES;
				CLANG_WARN_BLOCK_CAPTURE_AUTORELEASING = YES;
				CLANG_WARN_BOOL_CONVERSION = YES;
				CLANG_WARN_COMMA = YES;
				CLANG_WARN_CONSTANT_CONVERSION = YES;
				CLANG_WARN_DIRECT_OBJC_ISA_USAGE = YES_ERROR;
				CLANG_WARN_DOCUMENTATION_COMMENTS = YES;
				CLANG_WARN_EMPTY_BODY = YES;
				CLANG_WARN_ENUM_CONVERSION = YES;
				CLANG_WARN_INFINITE_RECURSION = YES;
				CLANG_WARN_INT_CONVERSION = YES;
				CLANG_WARN_NON_LITERAL_NULL_CONVERSION = YES;
				CLANG_WARN_OBJC_LITERAL_CONVERSION = YES;
				CLANG_WARN_OBJC_ROOT_CLASS = YES_ERROR;
				CLANG_WARN_RANGE_LOOP_ANALYSIS = YES;
				CLANG_WARN_STRICT_PROTOTYPES = YES;
				CLANG_WARN_SUSPICIOUS_MOVE = YES;
				CLANG_WARN_UNGUARDED_AVAILABILITY = YES_AGGRESSIVE;
				CLANG_WARN_UNREACHABLE_CODE = YES;
				CLANG_WARN__DUPLICATE_METHOD_MATCH = YES;
				CODE_SIGN_IDENTITY = "iPhone Developer";
				COPY_PHASE_STRIP = NO;
				DEBUG_INFORMATION_FORMAT = "dwarf-with-dsym";
				ENABLE_NS_ASSERTIONS = NO;
				ENABLE_STRICT_OBJC_MSGSEND = YES;
				GCC_C_LANGUAGE_STANDARD = gnu11;
				GCC_NO_COMMON_BLOCKS = YES;
				GCC_WARN_64_TO_32_BIT_CONVERSION = YES;
				GCC_WARN_ABOUT_RETURN_TYPE = YES_ERROR;
				GCC_WARN_UNDECLARED_SELECTOR = YES;
				GCC_WARN_UNINITIALIZED_AUTOS = YES_AGGRESSIVE;
				GCC_WARN_UNUSED_FUNCTION = YES;
				GCC_WARN_UNUSED_VARIABLE = YES;
				IPHONEOS_DEPLOYMENT_TARGET = 11.2;
				MTL_ENABLE_DEBUG_INFO = NO;
				SDKROOT = iphoneos;
				SWIFT_OPTIMIZATION_LEVEL = "-Owholemodule";
				VALIDATE_PRODUCT = YES;
			};
			name = Release;
		};
		22D1A8E31FFBE414009254C1 /* Debug */ = {
			isa = XCBuildConfiguration;
			buildSettings = {
				ASSETCATALOG_COMPILER_APPICON_NAME = AppIcon;
				CODE_SIGN_STYLE = Automatic;
				DEVELOPMENT_TEAM = 8Z9SWWNHTS;
				INFOPLIST_FILE = LightLMS/Info.plist;
				LD_RUNPATH_SEARCH_PATHS = "$(inherited) @executable_path/Frameworks";
				PRODUCT_BUNDLE_IDENTIFIER = com.Xin.LightLMS;
				PRODUCT_NAME = "$(TARGET_NAME)";
				SWIFT_VERSION = 4.0;
				TARGETED_DEVICE_FAMILY = "1,2";
			};
			name = Debug;
		};
		22D1A8E41FFBE414009254C1 /* Release */ = {
			isa = XCBuildConfiguration;
			buildSettings = {
				ASSETCATALOG_COMPILER_APPICON_NAME = AppIcon;
				CODE_SIGN_STYLE = Automatic;
				DEVELOPMENT_TEAM = 8Z9SWWNHTS;
				INFOPLIST_FILE = LightLMS/Info.plist;
				LD_RUNPATH_SEARCH_PATHS = "$(inherited) @executable_path/Frameworks";
				PRODUCT_BUNDLE_IDENTIFIER = com.Xin.LightLMS;
				PRODUCT_NAME = "$(TARGET_NAME)";
				SWIFT_VERSION = 4.0;
				TARGETED_DEVICE_FAMILY = "1,2";
			};
			name = Release;
		};
		22D1A8E61FFBE414009254C1 /* Debug */ = {
			isa = XCBuildConfiguration;
			buildSettings = {
				ALWAYS_EMBED_SWIFT_STANDARD_LIBRARIES = YES;
				BUNDLE_LOADER = "$(TEST_HOST)";
				CODE_SIGN_STYLE = Automatic;
				DEVELOPMENT_TEAM = 8Z9SWWNHTS;
				INFOPLIST_FILE = LightLMSTests/Info.plist;
				LD_RUNPATH_SEARCH_PATHS = "$(inherited) @executable_path/Frameworks @loader_path/Frameworks";
				PRODUCT_BUNDLE_IDENTIFIER = com.Xin.LightLMSTests;
				PRODUCT_NAME = "$(TARGET_NAME)";
				SWIFT_VERSION = 4.0;
				TARGETED_DEVICE_FAMILY = "1,2";
				TEST_HOST = "$(BUILT_PRODUCTS_DIR)/LightLMS.app/LightLMS";
			};
			name = Debug;
		};
		22D1A8E71FFBE414009254C1 /* Release */ = {
			isa = XCBuildConfiguration;
			buildSettings = {
				ALWAYS_EMBED_SWIFT_STANDARD_LIBRARIES = YES;
				BUNDLE_LOADER = "$(TEST_HOST)";
				CODE_SIGN_STYLE = Automatic;
				DEVELOPMENT_TEAM = 8Z9SWWNHTS;
				INFOPLIST_FILE = LightLMSTests/Info.plist;
				LD_RUNPATH_SEARCH_PATHS = "$(inherited) @executable_path/Frameworks @loader_path/Frameworks";
				PRODUCT_BUNDLE_IDENTIFIER = com.Xin.LightLMSTests;
				PRODUCT_NAME = "$(TARGET_NAME)";
				SWIFT_VERSION = 4.0;
				TARGETED_DEVICE_FAMILY = "1,2";
				TEST_HOST = "$(BUILT_PRODUCTS_DIR)/LightLMS.app/LightLMS";
			};
			name = Release;
		};
		22D1A8E91FFBE414009254C1 /* Debug */ = {
			isa = XCBuildConfiguration;
			buildSettings = {
				ALWAYS_EMBED_SWIFT_STANDARD_LIBRARIES = YES;
				CODE_SIGN_STYLE = Automatic;
				DEVELOPMENT_TEAM = 8Z9SWWNHTS;
				INFOPLIST_FILE = LightLMSUITests/Info.plist;
				LD_RUNPATH_SEARCH_PATHS = "$(inherited) @executable_path/Frameworks @loader_path/Frameworks";
				PRODUCT_BUNDLE_IDENTIFIER = com.Xin.LightLMSUITests;
				PRODUCT_NAME = "$(TARGET_NAME)";
				SWIFT_VERSION = 4.0;
				TARGETED_DEVICE_FAMILY = "1,2";
				TEST_TARGET_NAME = LightLMS;
			};
			name = Debug;
		};
		22D1A8EA1FFBE414009254C1 /* Release */ = {
			isa = XCBuildConfiguration;
			buildSettings = {
				ALWAYS_EMBED_SWIFT_STANDARD_LIBRARIES = YES;
				CODE_SIGN_STYLE = Automatic;
				DEVELOPMENT_TEAM = 8Z9SWWNHTS;
				INFOPLIST_FILE = LightLMSUITests/Info.plist;
				LD_RUNPATH_SEARCH_PATHS = "$(inherited) @executable_path/Frameworks @loader_path/Frameworks";
				PRODUCT_BUNDLE_IDENTIFIER = com.Xin.LightLMSUITests;
				PRODUCT_NAME = "$(TARGET_NAME)";
				SWIFT_VERSION = 4.0;
				TARGETED_DEVICE_FAMILY = "1,2";
				TEST_TARGET_NAME = LightLMS;
			};
			name = Release;
		};
/* End XCBuildConfiguration section */

/* Begin XCConfigurationList section */
		22D1A8B51FFBE414009254C1 /* Build configuration list for PBXProject "LightLMS" */ = {
			isa = XCConfigurationList;
			buildConfigurations = (
				22D1A8E01FFBE414009254C1 /* Debug */,
				22D1A8E11FFBE414009254C1 /* Release */,
			);
			defaultConfigurationIsVisible = 0;
			defaultConfigurationName = Release;
		};
		22D1A8E21FFBE414009254C1 /* Build configuration list for PBXNativeTarget "LightLMS" */ = {
			isa = XCConfigurationList;
			buildConfigurations = (
				22D1A8E31FFBE414009254C1 /* Debug */,
				22D1A8E41FFBE414009254C1 /* Release */,
			);
			defaultConfigurationIsVisible = 0;
			defaultConfigurationName = Release;
		};
		22D1A8E51FFBE414009254C1 /* Build configuration list for PBXNativeTarget "LightLMSTests" */ = {
			isa = XCConfigurationList;
			buildConfigurations = (
				22D1A8E61FFBE414009254C1 /* Debug */,
				22D1A8E71FFBE414009254C1 /* Release */,
			);
			defaultConfigurationIsVisible = 0;
			defaultConfigurationName = Release;
		};
		22D1A8E81FFBE414009254C1 /* Build configuration list for PBXNativeTarget "LightLMSUITests" */ = {
			isa = XCConfigurationList;
			buildConfigurations = (
				22D1A8E91FFBE414009254C1 /* Debug */,
				22D1A8EA1FFBE414009254C1 /* Release */,
			);
			defaultConfigurationIsVisible = 0;
			defaultConfigurationName = Release;
		};
/* End XCConfigurationList section */
	};
	rootObject = 22D1A8B21FFBE414009254C1 /* Project object */;
}
